{
  "name": "blackberry-keyboard-emoji-data",
  "version": "1.0.0",
  "lockfileVersion": 3,
  "requires": true,
  "packages": {
    "": {
      "name": "blackberry-keyboard-emoji-data",
      "version": "1.0.0",
      "dependencies": {
        "emojibase-data": "^16.0.3"
      }
    },
    "node_modules/emojibase": {
      "version": "16.0.0",
      "resolved": "https://registry.npmjs.org/emojibase/-/emojibase-16.0.0.tgz",
      "integrity": "sha512-Nw2m7JLIO4Ou2X/yZPRNscHQXVbbr6SErjkJ7EooG7MbR3yDZszCv9KTizsXFc7yZl0n3WF+qUKIC/Lw6H9xaQ==",
      "peer": true,
      "engines": {
        "node": ">=18.12.0"
      },
      "funding": {
        "type": "ko-fi",
        "url": "https://ko-fi.com/milesjohnson"
      }
    },
    "node_modules/emojibase-data": {
      "version": "16.0.3",
      "resolved": "https://registry.npmjs.org/emojibase-data/-/emojibase-data-16.0.3.tgz",
      "integrity": "sha512-MopInVCDZeXvqBMPJxnvYUyKw9ImJZqIDr2sABo6acVSPev5IDYX+mf+0tsu96JJyc3INNvgIf06Eso7bdTX2Q==",
      "funding": {
        "type": "ko-fi",
        "url": "https://ko-fi.com/milesjohnson"
      },
      "peerDependencies": {
        "emojibase": "*"
      }
    }
  }
}
